
Microsoft Visual Studio Solution File, Format Version 12.00
# Visual Studio 15
VisualStudioVersion = 15.0.28307.1401
MinimumVisualStudioVersion = 10.0.40219.1
Project("{8BC9CEB8-8B4A-11D0-8D11-00A0C91BC942}") = "Lab01-03", "Lab01-03\Lab01-03.vcxproj", "{BA50D287-EA6C-4673-90FC-8C08F4F483F7}"
EndProject
Global
	GlobalSection(SolutionConfigurationPlatforms) = preSolution
		Debug|x64 = Debug|x64
		Debug|x86 = Debug|x86
		Release|x64 = Release|x64
		Release|x86 = Release|x86
	EndGlobalSection
	GlobalSection(ProjectConfigurationPlatforms) = postSolution
		{BA50D287-EA6C-4673-90FC-8C08F4F483F7}.Debug|x64.ActiveCfg = Debug|x64
		{BA50D287-EA6C-4673-90FC-8C08F4F483F7}.Debug|x64.Build.0 = Debug|x64
		{BA50D287-EA6C-4673-90FC-8C08F4F483F7}.Debug|x86.ActiveCfg = Debug|Win32
		{BA50D287-EA6C-4673-90FC-8C08F4F483F7}.Debug|x86.Build.0 = Debug|Win32
		{BA50D287-EA6C-4673-90FC-8C08F4F483F7}.Release|x64.ActiveCfg = Release|x64
		{BA50D287-EA6C-4673-90FC-8C08F4F483F7}.Release|x64.Build.0 = Release|x64
		{BA50D287-EA6C-4673-90FC-8C08F4F483F7}.Release|x86.ActiveCfg = Release|Win32
		{BA50D287-EA6C-4673-90FC-8C08F4F483F7}.Release|x86.Build.0 = Release|Win32
	EndGlobalSection
	GlobalSection(SolutionProperties) = preSolution
		HideSolutionNode = FALSE
	EndGlobalSection
	GlobalSection(ExtensibilityGlobals) = postSolution
		SolutionGuid = {4FF1AEF1-F1D5-41CB-A2B9-9E6C24D5B4D7}
	EndGlobalSection
EndGlobal
